
Microsoft Visual Studio Solution File, Format Version 12.00
# Visual Studio Version 17
VisualStudioVersion = 17.11.35327.3
MinimumVisualStudioVersion = 10.0.40219.1
Project("{FAE04EC0-301F-11D3-BF4B-00C04F79EFBC}") = "GithubModelsSample", "GithubModelsSample.csproj", "{F495EB6D-BE98-498F-9138-AE02B62530B5}"
EndProject
Global
	GlobalSection(SolutionConfigurationPlatforms) = preSolution
		Debug|Any CPU = Debug|Any CPU
		Release|Any CPU = Release|Any CPU
	EndGlobalSection
	GlobalSection(ProjectConfigurationPlatforms) = postSolution
		{F495EB6D-BE98-498F-9138-AE02B62530B5}.Debug|Any CPU.ActiveCfg = Debug|Any CPU
		{F495EB6D-BE98-498F-9138-AE02B62530B5}.Debug|Any CPU.Build.0 = Debug|Any CPU
		{F495EB6D-BE98-498F-9138-AE02B62530B5}.Release|Any CPU.ActiveCfg = Release|Any CPU
		{F495EB6D-BE98-498F-9138-AE02B62530B5}.Release|Any CPU.Build.0 = Release|Any CPU
	EndGlobalSection
	GlobalSection(SolutionProperties) = preSolution
		HideSolutionNode = FALSE
	EndGlobalSection
	GlobalSection(ExtensibilityGlobals) = postSolution
		SolutionGuid = {7C892E34-244D-4189-932E-C20F1BBD61FC}
	EndGlobalSection
EndGlobal
